{
  "lockfileVersion": 1,
  "configVersion": 0,
  "workspaces": {
    "": {
      "name": "sogpu",
      "dependencies": {
        "bun-webgpu": "^0.1.7",
      },
      "devDependencies": {
        "@types/bun": "^1.3.14",
      },
    },
  },
  "packages": {
    "@types/bun": ["@types/bun@1.3.14", "", { "dependencies": { "bun-types": "1.3.14" } }, "sha512-h1hFqFVcvAvD9j9K7ZW7vd82aSA+rTdznZa+5bwvCwqSB1jmmfLcbIWhOLx1/+boy/xmjgCs/OMUL8hRJSmnPw=="],

    "@types/node": ["@types/node@26.0.0", "", { "dependencies": { "undici-types": "~8.3.0" } }, "sha512-vf2YFi1iY9lHGwNJMs01biZFbKJkrZR1T6/MlzjhJLPdntOHLhTrDSnSVcdtvjihi4VQNlrFRIxLsDBlQpAipA=="],

    "@webgpu/types": ["@webgpu/types@0.1.70", "", {}, "sha512-LFiNHHKMvmAEvwVew3JLJmTdShhbdwRFSImUshGhE2mGE8ybQzIo63l5uRp+YKnNx+8Qno8Kf6gN+DKMreIJCA=="],

    "bun-types": ["bun-types@1.3.14", "", { "dependencies": { "@types/node": "*" } }, "sha512-4N0ig0fEomHt5R0KCFWjovxow98rIoRwKolrYdCcknNwMekCXRnWEUvgu5soYV8QXtVsrUD8B95MBOZGPvr6KQ=="],

    "bun-webgpu": ["bun-webgpu@0.1.7", "", { "dependencies": { "@webgpu/types": "^0.1.60" }, "optionalDependencies": { "bun-webgpu-darwin-arm64": "^0.1.7", "bun-webgpu-darwin-x64": "^0.1.7", "bun-webgpu-linux-x64": "^0.1.7", "bun-webgpu-win32-x64": "^0.1.7" } }, "sha512-KUxUp+oQIf7pPBMD4Hv1TUu7DWaOZ4ciKulTk9to9+Uc8yHoYrMW7L2SJCJ4FHHkywgf/7aLRgRx0b7i6DvGIQ=="],

    "bun-webgpu-darwin-arm64": ["bun-webgpu-darwin-arm64@0.1.7", "", { "os": "darwin", "cpu": "arm64" }, "sha512-mRrFFyHzPWjsTRidAZBRcu808CPQBOUL0P6b4nxLhp+XHcV/mbUHERZMgW9s58tsojQfSdzschiQa8q+JCgRWA=="],

    "bun-webgpu-darwin-x64": ["bun-webgpu-darwin-x64@0.1.7", "", { "os": "darwin", "cpu": "x64" }, "sha512-g0NXGNgvaVCSH/jCWWlfdiquOHkbUN6vP4zqzSkIxWKQeLnqm3oADcok7SO3yIgI7v5mKpRc/ks7NDEKNH+jNQ=="],

    "bun-webgpu-linux-x64": ["bun-webgpu-linux-x64@0.1.7", "", { "os": "linux", "cpu": "x64" }, "sha512-UEP7UZdEhx9otvkZczjsszL8ZVlrODANQvgl+C88/bNVmxDoFi7w1fWzGi1sZyakiETjmtFDq2/xCLhbSZxjqw=="],

    "bun-webgpu-win32-x64": ["bun-webgpu-win32-x64@0.1.7", "", { "os": "win32", "cpu": "x64" }, "sha512-KZktiFkBz6sN7PEm1NVdeaLP5Q5X/PlSHZqefY4nNuWtf0LNvh54NhZe7yVv/Plz/nGbv92b0KHMBY3ki/pp6g=="],

    "undici-types": ["undici-types@8.3.0", "", {}, "sha512-j375ScV60dom+YkPFIfTLcOiPxkN/buHz5GobjLhixFuANaNs3C9l4GmrWqejgXWJ7BbJcFYpTEUkS1Ge8bpZQ=="],
  }
}
